
Microsoft Visual Studio Solution File, Format Version 12.00
# Visual Studio Version 17
VisualStudioVersion = 17.1.32319.34
MinimumVisualStudioVersion = 10.0.40219.1
Project("{FAE04EC0-301F-11D3-BF4B-00C04F79EFBC}") = "KaliChecker", "KaliChecker.csproj", "{BC870BDF-752A-496A-85B4-B724232B5253}"
EndProject
Global
	GlobalSection(SolutionConfigurationPlatforms) = preSolution
		Debug|Any CPU = Debug|Any CPU
		Release|Any CPU = Release|Any CPU
	EndGlobalSection
	GlobalSection(ProjectConfigurationPlatforms) = postSolution
		{BC870BDF-752A-496A-85B4-B724232B5253}.Debug|Any CPU.ActiveCfg = Debug|Any CPU
		{BC870BDF-752A-496A-85B4-B724232B5253}.Debug|Any CPU.Build.0 = Debug|Any CPU
		{BC870BDF-752A-496A-85B4-B724232B5253}.Release|Any CPU.ActiveCfg = Release|Any CPU
		{BC870BDF-752A-496A-85B4-B724232B5253}.Release|Any CPU.Build.0 = Release|Any CPU
	EndGlobalSection
	GlobalSection(SolutionProperties) = preSolution
		HideSolutionNode = FALSE
	EndGlobalSection
	GlobalSection(ExtensibilityGlobals) = postSolution
		SolutionGuid = {2115FB98-CF28-42D7-B3E4-80CD5112CD5A}
	EndGlobalSection
EndGlobal
